
Microsoft Visual Studio Solution File, Format Version 12.00
# Visual Studio Version 17
VisualStudioVersion = 17.9.34616.47
MinimumVisualStudioVersion = 10.0.40219.1
Project("{9A19103F-16F7-4668-BE54-9A1E7A4F7556}") = "DivebellAPI", "DivebellAPI\DivebellAPI.csproj", "{3DACD45D-FF8D-44D2-8B7E-C0679955AD05}"
EndProject
Global
	GlobalSection(SolutionConfigurationPlatforms) = preSolution
		Debug|Any CPU = Debug|Any CPU
		Release|Any CPU = Release|Any CPU
	EndGlobalSection
	GlobalSection(ProjectConfigurationPlatforms) = postSolution
		{3DACD45D-FF8D-44D2-8B7E-C0679955AD05}.Debug|Any CPU.ActiveCfg = Debug|Any CPU
		{3DACD45D-FF8D-44D2-8B7E-C0679955AD05}.Debug|Any CPU.Build.0 = Debug|Any CPU
		{3DACD45D-FF8D-44D2-8B7E-C0679955AD05}.Release|Any CPU.ActiveCfg = Release|Any CPU
		{3DACD45D-FF8D-44D2-8B7E-C0679955AD05}.Release|Any CPU.Build.0 = Release|Any CPU
	EndGlobalSection
	GlobalSection(SolutionProperties) = preSolution
		HideSolutionNode = FALSE
	EndGlobalSection
	GlobalSection(ExtensibilityGlobals) = postSolution
		SolutionGuid = {DBF47BC1-F5F2-4823-84E5-465E6D23AFBD}
	EndGlobalSection
EndGlobal
